<?xml version="1.0" encoding="utf-8"?>
<Project ToolsVersion="4.0" xmlns="http://schemas.microsoft.com/developer/msbuild/2003">
  <ItemGroup>
    <ClCompile Include="test.cpp" />
    <ClCompile Include="pch.cpp" />
  </ItemGroup>
  <ItemGroup>
    <ClInclude Include="pch.h" />
    <ClInclude Include="VectorEngineDatastructuresMatrixConstructorTest.h">
      <Filter>VectorEngineDatastructures\Matrix</Filter>
    </ClInclude>
    <ClInclude Include="VectorEngineDatastructuresMatrixDeconstructorTest.h">
      <Filter>VectorEngineDatastructures\Matrix</Filter>
    </ClInclude>
    <ClInclude Include="VectorEngineDatastructuresMatrixGetNumberOfColumnsTest.h">
      <Filter>VectorEngineDatastructures\Matrix</Filter>
    </ClInclude>
    <ClInclude Include="VectorEngineDatastructuresMatrixGetNumberOfRowsTest.h">
      <Filter>VectorEngineDatastructures\Matrix</Filter>
    </ClInclude>
    <ClInclude Include="VectorEngineDatastructuresMatrixResizeMatrixTest.h">
      <Filter>VectorEngineDatastructures\Matrix</Filter>
    </ClInclude>
    <ClInclude Include="VectorEngineDatastructuresMatrixTransposeTest.h">
      <Filter>VectorEngineDatastructures\Matrix</Filter>
    </ClInclude>
    <ClInclude Include="VectorEngineDatastructuresMatrixSetEntryTest.h">
      <Filter>VectorEngineDatastructures\Matrix</Filter>
    </ClInclude>
    <ClInclude Include="VectorEngineDatastructuresMatrixGetEntryTest.h">
      <Filter>VectorEngineDatastructures\Matrix</Filter>
    </ClInclude>
    <ClInclude Include="VectorEngineDatastructuresMatrixSetMatrixTest.h">
      <Filter>VectorEngineDatastructures\Matrix</Filter>
    </ClInclude>
    <ClInclude Include="VectorEngineDatastructuresMatrixGetRowTest.h">
      <Filter>VectorEngineDatastructures\Matrix</Filter>
    </ClInclude>
    <ClInclude Include="VectorEngineDatastructuresMatrixGetRowsTest.h">
      <Filter>VectorEngineDatastructures\Matrix</Filter>
    </ClInclude>
    <ClInclude Include="VectorEngineDatastructuresMatrixGetColumnTest.h">
      <Filter>VectorEngineDatastructures\Matrix</Filter>
    </ClInclude>
    <ClInclude Include="VectorEngineDatastructuresMatrixGetColumnsTest.h">
      <Filter>VectorEngineDatastructures\Matrix</Filter>
    </ClInclude>
    <ClInclude Include="VectorEngineDatastructuresMatrixEqualOperatorTest.h">
      <Filter>VectorEngineDatastructures\Matrix</Filter>
    </ClInclude>
    <ClInclude Include="VectorEngineDatastructureHeader.h">
      <Filter>VectorEngineDatastructures</Filter>
    </ClInclude>
    <ClInclude Include="VectorEngineDatastructuresMatrixScaleTest.h">
      <Filter>VectorEngineDatastructures\Matrix</Filter>
    </ClInclude>
    <ClInclude Include="VectorEngineDatastructuresMatrixSetRowTest.h">
      <Filter>VectorEngineDatastructures\Matrix</Filter>
    </ClInclude>
    <ClInclude Include="VectorEngineDatastructuresMatrixSetColumnTest.h">
      <Filter>VectorEngineDatastructures\Matrix</Filter>
    </ClInclude>
    <ClInclude Include="VectorEngineDatastructuresMatrixAdditionOperatorTest.h">
      <Filter>VectorEngineDatastructures\Matrix</Filter>
    </ClInclude>
    <ClInclude Include="VectorEngineDatastructuresMatrixMultiplicationOperatorTest.h">
      <Filter>VectorEngineDatastructures\Matrix</Filter>
    </ClInclude>
    <ClInclude Include="VectorEngineDatastructuresMatrixSubstractionOperatorTest.h">
      <Filter>VectorEngineDatastructures\Matrix</Filter>
    </ClInclude>
    <ClInclude Include="VectorEngineDatastructuresMatrixDivisionOperatorTest.h">
      <Filter>VectorEngineDatastructures\Matrix</Filter>
    </ClInclude>
    <ClInclude Include="VectorEngineSimpleMatrixOperationsAdditionTest.h">
      <Filter>VectorEngineDatastructures\SimpleMatrixOperations</Filter>
    </ClInclude>
    <ClInclude Include="VectorEngineSimpleMatrixOperationsSubstractionTest.h">
      <Filter>VectorEngineDatastructures\SimpleMatrixOperations</Filter>
    </ClInclude>
    <ClInclude Include="VectorEngineSimpleMatrixOperationsMultiplicationTest.h">
      <Filter>VectorEngineDatastructures\SimpleMatrixOperations</Filter>
    </ClInclude>
    <ClInclude Include="VectorEngineSimpleMatrixOperationsInverseTest.h">
      <Filter>VectorEngineDatastructures\SimpleMatrixOperations</Filter>
    </ClInclude>
    <ClInclude Include="VectorEngineSimpleMatrixOperationsDeterminantTest.h">
      <Filter>VectorEngineDatastructures\SimpleMatrixOperations</Filter>
    </ClInclude>
    <ClInclude Include="VectorEngineSimpleMatrixOperationsHadamardTest.h">
      <Filter>VectorEngineDatastructures\SimpleMatrixOperations</Filter>
    </ClInclude>
    <ClInclude Include="VectorEngineSimpleMatrixOperationsDotTest.h">
      <Filter>VectorEngineDatastructures\SimpleMatrixOperations</Filter>
    </ClInclude>
    <ClInclude Include="VectorEngineSimpleMatrixOperationsCrossTest.h">
      <Filter>VectorEngineDatastructures\SimpleMatrixOperations</Filter>
    </ClInclude>
    <ClInclude Include="VectorEngine.h">
      <Filter>VectorEngineDatastructures</Filter>
    </ClInclude>
    <ClInclude Include="VectorEngineDatastructuresMatrixTest.h">
      <Filter>VectorEngineDatastructures\Matrix</Filter>
    </ClInclude>
    <ClInclude Include="VectorEngineSimpleMatrixOperationsTest.h">
      <Filter>VectorEngineDatastructures\SimpleMatrixOperations</Filter>
    </ClInclude>
    <ClInclude Include="VectorEngineDatastructuresMatrixAppendMatrixTest.h">
      <Filter>VectorEngineDatastructures\Matrix</Filter>
    </ClInclude>
    <ClInclude Include="VectorEngineBasicMatrixOperationsRowReduceTest.h">
      <Filter>VectorEngineDatastructures\BasicMatrixOperations</Filter>
    </ClInclude>
    <ClInclude Include="VectorEnginebasicMatrixOperationsEchelonFormTest.h">
      <Filter>VectorEngineDatastructures\BasicMatrixOperations</Filter>
    </ClInclude>
    <ClInclude Include="VectorEngineBasicMatrixOperationsTest.h">
      <Filter>VectorEngineDatastructures\BasicMatrixOperations</Filter>
    </ClInclude>
    <ClInclude Include="VectorEngineSimpleMatrixOperationsMakeIdentityMatrixTest.h">
      <Filter>VectorEngineDatastructures\SimpleMatrixOperations</Filter>
    </ClInclude>
    <ClInclude Include="VectorEnginebasicMatrixOperationsEchelonInverseTest.h">
      <Filter>VectorEngineDatastructures\BasicMatrixOperations</Filter>
    </ClInclude>
    <ClInclude Include="VectorEngineDatastructuresMatrixEqualEqualOperatorTest.h">
      <Filter>VectorEngineDatastructures\Matrix</Filter>
    </ClInclude>
    <ClInclude Include="VectorEngineDatastructuresMatrixNotEqualOperatorTest.h">
      <Filter>VectorEngineDatastructures\Matrix</Filter>
    </ClInclude>
    <ClInclude Include="VectorEngineDatastructuresMatrixAdditionEqualOperatorTest.h">
      <Filter>VectorEngineDatastructures\Matrix</Filter>
    </ClInclude>
    <ClInclude Include="VectorEngineDatastructuresMatrixSubstractionEqualOperatorTest.h">
      <Filter>VectorEngineDatastructures\Matrix</Filter>
    </ClInclude>
    <ClInclude Include="VectorEngineDatastructuresMatrixMultiplicationEqualOperatorTest.h">
      <Filter>VectorEngineDatastructures\Matrix</Filter>
    </ClInclude>
    <ClInclude Include="VectorEngineMatrixRREFTest.h">
      <Filter>VectorEngineDatastructures\MatrixRREF</Filter>
    </ClInclude>
    <ClInclude Include="VectorEngineMatrixRREFCheckForFullDependentMatrixTest.h">
      <Filter>VectorEngineDatastructures\MatrixRREF</Filter>
    </ClInclude>
    <ClInclude Include="VectorEngineMatrixRREFRowReduceUnderTest.h">
      <Filter>VectorEngineDatastructures\MatrixRREF</Filter>
    </ClInclude>
    <ClInclude Include="VectorEngineMatrixRREFRowReduceOverTest.h">
      <Filter>VectorEngineDatastructures\MatrixRREF</Filter>
    </ClInclude>
    <ClInclude Include="VectorEngineSimpleMatrixOperationsSumTest.h">
      <Filter>VectorEngineDatastructures\SimpleMatrixOperations</Filter>
    </ClInclude>
    <ClInclude Include="VectorEngineBasicMatrixOperationsDeterminantTest.h">
      <Filter>VectorEngineDatastructures\BasicMatrixOperations</Filter>
    </ClInclude>
    <ClInclude Include="VectorEngineDatastructuresMatrixDeleteRowTest.h">
      <Filter>VectorEngineDatastructures\Matrix</Filter>
    </ClInclude>
    <ClInclude Include="VectorEngineDatastructuresMatrixDeleteColumnTest.h">
      <Filter>VectorEngineDatastructures\Matrix</Filter>
    </ClInclude>
    <ClInclude Include="VectorEngineTypeMatrixTest.h">
      <Filter>VectorEngineDatastructures\TypeMatrix</Filter>
    </ClInclude>
    <ClInclude Include="VectorEngineTypeMatrixDependentTest.h">
      <Filter>VectorEngineDatastructures\TypeMatrix</Filter>
    </ClInclude>
    <ClInclude Include="VectorEngineTypeMatrixHomogeneousTest.h">
      <Filter>VectorEngineDatastructures\TypeMatrix</Filter>
    </ClInclude>
    <ClInclude Include="VectorEngineTypeMatrixTrivialTest.h">
      <Filter>VectorEngineDatastructures\TypeMatrix</Filter>
    </ClInclude>
    <ClInclude Include="VectorEngineTypeMatrixBasisTest.h">
      <Filter>VectorEngineDatastructures\TypeMatrix</Filter>
    </ClInclude>
    <ClInclude Include="VectorEngineTypeMatrixOrthogonalTest.h">
      <Filter>VectorEngineDatastructures\TypeMatrix</Filter>
    </ClInclude>
    <ClInclude Include="VectorEngineTypeMatrixRankTest.h">
      <Filter>VectorEngineDatastructures\TypeMatrix</Filter>
    </ClInclude>
    <ClInclude Include="VectorEngineTypeMatrixFullRankTest.h">
      <Filter>VectorEngineDatastructures\TypeMatrix</Filter>
    </ClInclude>
    <ClInclude Include="VectorEngineTypeMatrixCheckSpanTest.h">
      <Filter>VectorEngineDatastructures\TypeMatrix</Filter>
    </ClInclude>
    <ClInclude Include="VectorEngineTypeMatrixSpanTest.h">
      <Filter>VectorEngineDatastructures\TypeMatrix</Filter>
    </ClInclude>
  </ItemGroup>
  <ItemGroup>
    <None Include="packages.config" />
  </ItemGroup>
  <ItemGroup>
    <Filter Include="VectorEngineDatastructures">
      <UniqueIdentifier>{c8d5a646-c7d2-4ce0-a533-04ef6511a094}</UniqueIdentifier>
    </Filter>
    <Filter Include="VectorEngineDatastructures\Matrix">
      <UniqueIdentifier>{89c99148-c509-489c-9f74-836525426db1}</UniqueIdentifier>
    </Filter>
    <Filter Include="VectorEngineDatastructures\SimpleMatrixOperations">
      <UniqueIdentifier>{9d20c9ad-3428-4f91-85d3-41336b850f66}</UniqueIdentifier>
    </Filter>
    <Filter Include="VectorEngineDatastructures\BasicMatrixOperations">
      <UniqueIdentifier>{e0da2a23-cc11-4775-bdf2-731b5b410044}</UniqueIdentifier>
    </Filter>
    <Filter Include="VectorEngineDatastructures\MatrixRREF">
      <UniqueIdentifier>{36aca071-d007-4f9f-b8ba-e91c00e5d607}</UniqueIdentifier>
    </Filter>
    <Filter Include="VectorEngineDatastructures\TypeMatrix">
      <UniqueIdentifier>{3e0ebaeb-3659-4551-9f60-0cebe1201b06}</UniqueIdentifier>
    </Filter>
  </ItemGroup>
</Project>