
Microsoft Visual Studio Solution File, Format Version 12.00
# Visual Studio 15
VisualStudioVersion = 15.0.28307.329
MinimumVisualStudioVersion = 10.0.40219.1
Project("{8BC9CEB8-8B4A-11D0-8D11-00A0C91BC942}") = "MachineLearningEngine", "MachineLearningEngine\MachineLearningEngine.vcxproj", "{221D1FFA-607F-4171-AF64-83146884D1C4}"
EndProject
Project("{8BC9CEB8-8B4A-11D0-8D11-00A0C91BC942}") = "TestMLE", "TestMLE\TestMLE.vcxproj", "{5C09689D-F39F-4A6A-9B2B-3B296237F886}"
EndProject
Project("{8BC9CEB8-8B4A-11D0-8D11-00A0C91BC942}") = "TestVectorEngineDatastructures", "TestVectorEngineDatastructures\TestVectorEngineDatastructures.vcxproj", "{389ACECB-B6D2-41A6-945F-F4E7D27F9178}"
EndProject
Global
	GlobalSection(SolutionConfigurationPlatforms) = preSolution
		Debug|x64 = Debug|x64
		Debug|x86 = Debug|x86
		Release|x64 = Release|x64
		Release|x86 = Release|x86
	EndGlobalSection
	GlobalSection(ProjectConfigurationPlatforms) = postSolution
		{221D1FFA-607F-4171-AF64-83146884D1C4}.Debug|x64.ActiveCfg = Debug|x64
		{221D1FFA-607F-4171-AF64-83146884D1C4}.Debug|x64.Build.0 = Debug|x64
		{221D1FFA-607F-4171-AF64-83146884D1C4}.Debug|x86.ActiveCfg = Debug|Win32
		{221D1FFA-607F-4171-AF64-83146884D1C4}.Debug|x86.Build.0 = Debug|Win32
		{221D1FFA-607F-4171-AF64-83146884D1C4}.Release|x64.ActiveCfg = Release|x64
		{221D1FFA-607F-4171-AF64-83146884D1C4}.Release|x64.Build.0 = Release|x64
		{221D1FFA-607F-4171-AF64-83146884D1C4}.Release|x86.ActiveCfg = Release|Win32
		{221D1FFA-607F-4171-AF64-83146884D1C4}.Release|x86.Build.0 = Release|Win32
		{5C09689D-F39F-4A6A-9B2B-3B296237F886}.Debug|x64.ActiveCfg = Debug|x64
		{5C09689D-F39F-4A6A-9B2B-3B296237F886}.Debug|x64.Build.0 = Debug|x64
		{5C09689D-F39F-4A6A-9B2B-3B296237F886}.Debug|x86.ActiveCfg = Debug|Win32
		{5C09689D-F39F-4A6A-9B2B-3B296237F886}.Debug|x86.Build.0 = Debug|Win32
		{5C09689D-F39F-4A6A-9B2B-3B296237F886}.Release|x64.ActiveCfg = Release|x64
		{5C09689D-F39F-4A6A-9B2B-3B296237F886}.Release|x64.Build.0 = Release|x64
		{5C09689D-F39F-4A6A-9B2B-3B296237F886}.Release|x86.ActiveCfg = Release|Win32
		{5C09689D-F39F-4A6A-9B2B-3B296237F886}.Release|x86.Build.0 = Release|Win32
		{389ACECB-B6D2-41A6-945F-F4E7D27F9178}.Debug|x64.ActiveCfg = Debug|x64
		{389ACECB-B6D2-41A6-945F-F4E7D27F9178}.Debug|x64.Build.0 = Debug|x64
		{389ACECB-B6D2-41A6-945F-F4E7D27F9178}.Debug|x86.ActiveCfg = Debug|Win32
		{389ACECB-B6D2-41A6-945F-F4E7D27F9178}.Debug|x86.Build.0 = Debug|Win32
		{389ACECB-B6D2-41A6-945F-F4E7D27F9178}.Release|x64.ActiveCfg = Release|x64
		{389ACECB-B6D2-41A6-945F-F4E7D27F9178}.Release|x64.Build.0 = Release|x64
		{389ACECB-B6D2-41A6-945F-F4E7D27F9178}.Release|x86.ActiveCfg = Release|Win32
		{389ACECB-B6D2-41A6-945F-F4E7D27F9178}.Release|x86.Build.0 = Release|Win32
	EndGlobalSection
	GlobalSection(SolutionProperties) = preSolution
		HideSolutionNode = FALSE
	EndGlobalSection
	GlobalSection(ExtensibilityGlobals) = postSolution
		SolutionGuid = {EA993C31-1E3B-4343-B1F9-57C9A412DBE1}
	EndGlobalSection
EndGlobal
