<?xml version="1.0" encoding="utf-8"?>
<Project ToolsVersion="4.0" xmlns="http://schemas.microsoft.com/developer/msbuild/2003">
  <ItemGroup>
    <Filter Include="Source Files">
      <UniqueIdentifier>{4FC737F1-C7A5-4376-A066-2A32D752A2FF}</UniqueIdentifier>
      <Extensions>cpp;c;cc;cxx;def;odl;idl;hpj;bat;asm;asmx</Extensions>
    </Filter>
    <Filter Include="Header Files">
      <UniqueIdentifier>{93995380-89BD-4b04-88EB-625FBE52EBFB}</UniqueIdentifier>
      <Extensions>h;hh;hpp;hxx;hm;inl;inc;ipp;xsd</Extensions>
    </Filter>
    <Filter Include="Resource Files">
      <UniqueIdentifier>{67DA6AB6-F800-4c08-8B7A-83BB121AAD01}</UniqueIdentifier>
      <Extensions>rc;ico;cur;bmp;dlg;rc2;rct;bin;rgs;gif;jpg;jpeg;jpe;resx;tiff;tif;png;wav;mfcribbon-ms</Extensions>
    </Filter>
    <Filter Include="Source Files\VectorEngine">
      <UniqueIdentifier>{4a32aec9-2d8b-4fb9-9b24-fd3179ef7651}</UniqueIdentifier>
    </Filter>
    <Filter Include="Source Files\MathEngine">
      <UniqueIdentifier>{2313845f-6b39-4b13-ace4-32e6610b9835}</UniqueIdentifier>
    </Filter>
    <Filter Include="Source Files\ProbabilityEngine">
      <UniqueIdentifier>{59f00158-f8bb-43c5-8b34-1acffe694072}</UniqueIdentifier>
    </Filter>
    <Filter Include="Header Files\VectorEngine">
      <UniqueIdentifier>{2041976b-693f-43e0-a668-33b3dae36055}</UniqueIdentifier>
    </Filter>
    <Filter Include="Header Files\MathEngine">
      <UniqueIdentifier>{518c4f61-ce26-4f53-bf33-4e4ca772bf4e}</UniqueIdentifier>
    </Filter>
    <Filter Include="Header Files\ProbabilityEngine">
      <UniqueIdentifier>{1c560cbc-773b-4a0e-87e2-e0711e7eb32b}</UniqueIdentifier>
    </Filter>
    <Filter Include="Header Files\VectorEngine\vectorDatastructures">
      <UniqueIdentifier>{68d34bfb-00cf-4fa0-8c9a-a865912f2edf}</UniqueIdentifier>
    </Filter>
    <Filter Include="Source Files\VectorEngine\vectorDatastructures">
      <UniqueIdentifier>{08a33a30-439b-4e66-ad03-93a144323f0f}</UniqueIdentifier>
    </Filter>
    <Filter Include="Header Files\VectorEngine\BasicMatrixOperations">
      <UniqueIdentifier>{66fa0f62-259f-40e3-81d3-d962dd8bedb6}</UniqueIdentifier>
    </Filter>
    <Filter Include="Source Files\VectorEngine\BasicMatrixOperations">
      <UniqueIdentifier>{c7b850fd-23c0-48fb-a4fb-e4ee985be495}</UniqueIdentifier>
    </Filter>
    <Filter Include="Header Files\VectorEngine\vectorDatastructures\NewMatrix">
      <UniqueIdentifier>{e7038e2c-51b4-4904-a273-ed0ea180cf44}</UniqueIdentifier>
    </Filter>
    <Filter Include="Source Files\VectorEngine\vectorDatastructures\NewMatrix">
      <UniqueIdentifier>{8b198399-238d-42ba-8abc-64d92380f812}</UniqueIdentifier>
    </Filter>
    <Filter Include="Header Files\VectorEngine\vectorDatastructures\NewMatrix\Space">
      <UniqueIdentifier>{b2d62ee2-d892-497b-95ab-81d1a803d2c8}</UniqueIdentifier>
    </Filter>
    <Filter Include="Header Files\VectorEngine\vectorDatastructures\NewMatrix\Type">
      <UniqueIdentifier>{b49beabc-41a0-42e0-8186-8260f39c0490}</UniqueIdentifier>
    </Filter>
    <Filter Include="Header Files\VectorEngine\vectorDatastructures\NewMatrix\Alignment">
      <UniqueIdentifier>{7f6d4819-6991-4d5d-ac25-8fdf88e80372}</UniqueIdentifier>
    </Filter>
    <Filter Include="Header Files\VectorEngine\vectorDatastructures\NewMatrix\Core">
      <UniqueIdentifier>{0224963f-b1f6-4046-92fc-9c7cb14ef191}</UniqueIdentifier>
    </Filter>
    <Filter Include="Header Files\VectorEngine\vectorDatastructures\NewMatrix\Function">
      <UniqueIdentifier>{fb201ce5-9d18-458c-91aa-1984d936f8e4}</UniqueIdentifier>
    </Filter>
    <Filter Include="Source Files\VectorEngine\vectorDatastructures\NewMatrix\Alignment">
      <UniqueIdentifier>{c87292a9-bdb4-4bf1-ac65-1b5a1150df05}</UniqueIdentifier>
    </Filter>
    <Filter Include="Source Files\VectorEngine\vectorDatastructures\NewMatrix\Core">
      <UniqueIdentifier>{44c0e2b2-2d54-4e09-8725-f0833715ca5f}</UniqueIdentifier>
    </Filter>
    <Filter Include="Source Files\VectorEngine\vectorDatastructures\NewMatrix\Function">
      <UniqueIdentifier>{3337e1d4-78e5-47f9-8f07-0588cd6321ef}</UniqueIdentifier>
    </Filter>
    <Filter Include="Source Files\VectorEngine\vectorDatastructures\NewMatrix\Type">
      <UniqueIdentifier>{11a6c400-d10c-40b0-b55f-7c4d7c7c19a3}</UniqueIdentifier>
    </Filter>
    <Filter Include="Source Files\VectorEngine\vectorDatastructures\NewMatrix\Space">
      <UniqueIdentifier>{2fdc4a06-ab67-4f96-906b-d16de0e579af}</UniqueIdentifier>
    </Filter>
    <Filter Include="Source Files\VectorEngine\vectorDatastructures\NewMatrix\Core\Memory">
      <UniqueIdentifier>{75919d4c-277d-4804-addf-0236a8ccb4f4}</UniqueIdentifier>
    </Filter>
    <Filter Include="Source Files\VectorEngine\vectorDatastructures\NewMatrix\Core\Entry">
      <UniqueIdentifier>{d1afeb43-a470-4f57-998d-33fffc7f21fb}</UniqueIdentifier>
    </Filter>
    <Filter Include="Source Files\VectorEngine\vectorDatastructures\NewMatrix\Core\Entry\Function">
      <UniqueIdentifier>{2737277c-4452-4ab5-8a70-d3838aaf8625}</UniqueIdentifier>
    </Filter>
    <Filter Include="Header Files\VectorEngine\vectorDatastructures\NewMatrix\Core\Memory">
      <UniqueIdentifier>{33cd65c1-5e7f-4f31-9d66-a8bd3131f50f}</UniqueIdentifier>
    </Filter>
    <Filter Include="Header Files\VectorEngine\vectorDatastructures\NewMatrix\Core\Entry">
      <UniqueIdentifier>{80244f1d-a68c-4e67-b37e-9adff62a0454}</UniqueIdentifier>
    </Filter>
    <Filter Include="Header Files\VectorEngine\vectorDatastructures\NewMatrix\Core\Entry\Function">
      <UniqueIdentifier>{f969dba2-fbfc-49a9-b98e-2d08bc0a0187}</UniqueIdentifier>
    </Filter>
    <Filter Include="Header Files\VectorEngine\vectorDatastructures\NewMatrix\Core\Entry\Type">
      <UniqueIdentifier>{0609e797-1b40-439c-99c3-6e9e77ba7f94}</UniqueIdentifier>
    </Filter>
    <Filter Include="Source Files\VectorEngine\vectorDatastructures\NewMatrix\Core\Entry\Type">
      <UniqueIdentifier>{e46c4ce5-6ad3-47d7-a4ae-d3346c36d926}</UniqueIdentifier>
    </Filter>
  </ItemGroup>
  <ItemGroup>
    <ClCompile Include="Matrix.cpp">
      <Filter>Source Files\VectorEngine\vectorDatastructures</Filter>
    </ClCompile>
    <ClCompile Include="SimpleMatrixOperations.cpp">
      <Filter>Source Files\VectorEngine</Filter>
    </ClCompile>
    <ClCompile Include="VectorEngineDatastructures.cpp">
      <Filter>Source Files\VectorEngine</Filter>
    </ClCompile>
    <ClCompile Include="Source.cpp">
      <Filter>Source Files</Filter>
    </ClCompile>
    <ClCompile Include="MatrixRREF.cpp">
      <Filter>Source Files\VectorEngine\BasicMatrixOperations</Filter>
    </ClCompile>
    <ClCompile Include="BasicMatrixOperations.cpp">
      <Filter>Source Files\VectorEngine\BasicMatrixOperations</Filter>
    </ClCompile>
    <ClCompile Include="TypeMatrix.cpp">
      <Filter>Source Files\VectorEngine</Filter>
    </ClCompile>
    <ClCompile Include="GetMatrix.cpp">
      <Filter>Source Files\VectorEngine</Filter>
    </ClCompile>
    <ClCompile Include="ICoreMatrix.cpp">
      <Filter>Source Files\VectorEngine\vectorDatastructures\NewMatrix\Core</Filter>
    </ClCompile>
    <ClCompile Include="CoreMatrixFactory.cpp">
      <Filter>Source Files\VectorEngine\vectorDatastructures\NewMatrix\Core</Filter>
    </ClCompile>
    <ClCompile Include="CoreMatrix.cpp">
      <Filter>Source Files\VectorEngine\vectorDatastructures\NewMatrix\Core</Filter>
    </ClCompile>
    <ClCompile Include="ICoreMemory.cpp">
      <Filter>Source Files\VectorEngine\vectorDatastructures\NewMatrix\Core\Memory</Filter>
    </ClCompile>
    <ClCompile Include="CoreMemoryFactory.cpp">
      <Filter>Source Files\VectorEngine\vectorDatastructures\NewMatrix\Core\Memory</Filter>
    </ClCompile>
    <ClCompile Include="AllMemory.cpp">
      <Filter>Source Files\VectorEngine\vectorDatastructures\NewMatrix\Core\Memory</Filter>
    </ClCompile>
    <ClCompile Include="ClusterMemory.cpp">
      <Filter>Source Files\VectorEngine\vectorDatastructures\NewMatrix\Core\Memory</Filter>
    </ClCompile>
    <ClCompile Include="NextMemory.cpp">
      <Filter>Source Files\VectorEngine\vectorDatastructures\NewMatrix\Core\Memory</Filter>
    </ClCompile>
    <ClCompile Include="ISetEntry.cpp">
      <Filter>Source Files\VectorEngine\vectorDatastructures\NewMatrix\Core\Entry\Function</Filter>
    </ClCompile>
    <ClCompile Include="IPrintEntry.cpp">
      <Filter>Source Files\VectorEngine\vectorDatastructures\NewMatrix\Core\Entry\Function</Filter>
    </ClCompile>
    <ClCompile Include="IOverloadingEntry.cpp">
      <Filter>Source Files\VectorEngine\vectorDatastructures\NewMatrix\Core\Entry\Function</Filter>
    </ClCompile>
    <ClCompile Include="IGetEntry.cpp">
      <Filter>Source Files\VectorEngine\vectorDatastructures\NewMatrix\Core\Entry\Function</Filter>
    </ClCompile>
    <ClCompile Include="ICalculateEntry.cpp">
      <Filter>Source Files\VectorEngine\vectorDatastructures\NewMatrix\Core\Entry\Function</Filter>
    </ClCompile>
    <ClCompile Include="EntryFunctionFactory.cpp">
      <Filter>Source Files\VectorEngine\vectorDatastructures\NewMatrix\Core\Entry\Function</Filter>
    </ClCompile>
    <ClCompile Include="CoreEntry.cpp">
      <Filter>Source Files\VectorEngine\vectorDatastructures\NewMatrix\Core\Entry</Filter>
    </ClCompile>
    <ClCompile Include="EntryTypeVariable.cpp">
      <Filter>Source Files\VectorEngine\vectorDatastructures\NewMatrix\Core\Entry\Type</Filter>
    </ClCompile>
    <ClCompile Include="EntryTypeNumber.cpp">
      <Filter>Source Files\VectorEngine\vectorDatastructures\NewMatrix\Core\Entry\Type</Filter>
    </ClCompile>
    <ClCompile Include="EntryTypeComplex.cpp">
      <Filter>Source Files\VectorEngine\vectorDatastructures\NewMatrix\Core\Entry\Type</Filter>
    </ClCompile>
    <ClCompile Include="ICoreEntryType.cpp">
      <Filter>Source Files\VectorEngine\vectorDatastructures\NewMatrix\Core\Entry\Type</Filter>
    </ClCompile>
  </ItemGroup>
  <ItemGroup>
    <ClInclude Include="SimpleMatrixOperations.h">
      <Filter>Header Files\VectorEngine</Filter>
    </ClInclude>
    <ClInclude Include="Matrix.h">
      <Filter>Header Files\VectorEngine\vectorDatastructures</Filter>
    </ClInclude>
    <ClInclude Include="VectorEngineDatastructures.h">
      <Filter>Header Files\VectorEngine</Filter>
    </ClInclude>
    <ClInclude Include="BasicMatrixOperations.h">
      <Filter>Header Files\VectorEngine\BasicMatrixOperations</Filter>
    </ClInclude>
    <ClInclude Include="MatrixRREF.h">
      <Filter>Header Files\VectorEngine\BasicMatrixOperations</Filter>
    </ClInclude>
    <ClInclude Include="TypeMatrix.h">
      <Filter>Header Files\VectorEngine</Filter>
    </ClInclude>
    <ClInclude Include="GetMatrix.h">
      <Filter>Header Files\VectorEngine</Filter>
    </ClInclude>
    <ClInclude Include="CoreMatrix.h">
      <Filter>Header Files\VectorEngine\vectorDatastructures\NewMatrix\Core</Filter>
    </ClInclude>
    <ClInclude Include="CoreMatrixFactory.h">
      <Filter>Header Files\VectorEngine\vectorDatastructures\NewMatrix\Core</Filter>
    </ClInclude>
    <ClInclude Include="ICoreMatrix.h">
      <Filter>Header Files\VectorEngine\vectorDatastructures\NewMatrix\Core</Filter>
    </ClInclude>
    <ClInclude Include="ICoreMemory.h">
      <Filter>Header Files\VectorEngine\vectorDatastructures\NewMatrix\Core\Memory</Filter>
    </ClInclude>
    <ClInclude Include="CoreMemoryFactory.h">
      <Filter>Header Files\VectorEngine\vectorDatastructures\NewMatrix\Core\Memory</Filter>
    </ClInclude>
    <ClInclude Include="AllMemory.h">
      <Filter>Header Files\VectorEngine\vectorDatastructures\NewMatrix\Core\Memory</Filter>
    </ClInclude>
    <ClInclude Include="ClusterMemory.h">
      <Filter>Header Files\VectorEngine\vectorDatastructures\NewMatrix\Core\Memory</Filter>
    </ClInclude>
    <ClInclude Include="NextMemory.h">
      <Filter>Header Files\VectorEngine\vectorDatastructures\NewMatrix\Core\Memory</Filter>
    </ClInclude>
    <ClInclude Include="ISetEntry.h">
      <Filter>Header Files\VectorEngine\vectorDatastructures\NewMatrix\Core\Entry\Function</Filter>
    </ClInclude>
    <ClInclude Include="IPrintEntry.h">
      <Filter>Header Files\VectorEngine\vectorDatastructures\NewMatrix\Core\Entry\Function</Filter>
    </ClInclude>
    <ClInclude Include="IOverloadingEntry.h">
      <Filter>Header Files\VectorEngine\vectorDatastructures\NewMatrix\Core\Entry\Function</Filter>
    </ClInclude>
    <ClInclude Include="IGetEntry.h">
      <Filter>Header Files\VectorEngine\vectorDatastructures\NewMatrix\Core\Entry\Function</Filter>
    </ClInclude>
    <ClInclude Include="ICalculateEntry.h">
      <Filter>Header Files\VectorEngine\vectorDatastructures\NewMatrix\Core\Entry\Function</Filter>
    </ClInclude>
    <ClInclude Include="EntryFunctionFactory.h">
      <Filter>Source Files\VectorEngine\vectorDatastructures\NewMatrix\Core\Entry\Function</Filter>
    </ClInclude>
    <ClInclude Include="CoreEntry.h">
      <Filter>Header Files\VectorEngine\vectorDatastructures\NewMatrix\Core\Entry</Filter>
    </ClInclude>
    <ClInclude Include="EntryTypeVariable.h">
      <Filter>Header Files\VectorEngine\vectorDatastructures\NewMatrix\Core\Entry\Type</Filter>
    </ClInclude>
    <ClInclude Include="EntryTypeNumber.h">
      <Filter>Header Files\VectorEngine\vectorDatastructures\NewMatrix\Core\Entry\Type</Filter>
    </ClInclude>
    <ClInclude Include="EntryTypeComplex.h">
      <Filter>Header Files\VectorEngine\vectorDatastructures\NewMatrix\Core\Entry\Type</Filter>
    </ClInclude>
    <ClInclude Include="ICoreEntryType.h">
      <Filter>Header Files\VectorEngine\vectorDatastructures\NewMatrix\Core\Entry\Type</Filter>
    </ClInclude>
  </ItemGroup>
</Project>